// !$*UTF8*$!
{
	archiveVersion = 1;
	classes = {
	};
	objectVersion = 77;
	objects = {

/* Begin PBXContainerItemProxy section */
		BFA9A3942DA4E77B0052AE93 /* PBXContainerItemProxy */ = {
			isa = PBXContainerItemProxy;
			containerPortal = BFA9A37A2DA4E77A0052AE93 /* Project object */;
			proxyType = 1;
			remoteGlobalIDString = BFA9A3812DA4E77A0052AE93;
			remoteInfo = test7;
		};
		BFA9A39E2DA4E77B0052AE93 /* PBXContainerItemProxy */ = {
			isa = PBXContainerItemProxy;
			containerPortal = BFA9A37A2DA4E77A0052AE93 /* Project object */;
			proxyType = 1;
			remoteGlobalIDString = BFA9A3812DA4E77A0052AE93;
			remoteInfo = test7;
		};
/* End PBXContainerItemProxy section */

/* Begin PBXFileReference section */
		BFA9A3822DA4E77A0052AE93 /* test7.app */ = {isa = PBXFileReference; explicitFileType = wrapper.application; includeInIndex = 0; path = test7.app; sourceTree = BUILT_PRODUCTS_DIR; };
		BFA9A3932DA4E77B0052AE93 /* test7Tests.xctest */ = {isa = PBXFileReference; explicitFileType = wrapper.cfbundle; includeInIndex = 0; path = test7Tests.xctest; sourceTree = BUILT_PRODUCTS_DIR; };
		BFA9A39D2DA4E77B0052AE93 /* test7UITests.xctest */ = {isa = PBXFileReference; explicitFileType = wrapper.cfbundle; includeInIndex = 0; path = test7UITests.xctest; sourceTree = BUILT_PRODUCTS_DIR; };
/* End PBXFileReference section */

/* Begin PBXFileSystemSynchronizedRootGroup section */
		BFA9A3842DA4E77A0052AE93 /* test7 */ = {
			isa = PBXFileSystemSynchronizedRootGroup;
			path = test7;
			sourceTree = "<group>";
		};
		BFA9A3962DA4E77B0052AE93 /* test7Tests */ = {
			isa = PBXFileSystemSynchronizedRootGroup;
			path = test7Tests;
			sourceTree = "<group>";
		};
		BFA9A3A02DA4E77B0052AE93 /* test7UITests */ = {
			isa = PBXFileSystemSynchronizedRootGroup;
			path = test7UITests;
			sourceTree = "<group>";
		};
/* End PBXFileSystemSynchronizedRootGroup section */

/* Begin PBXFrameworksBuildPhase section */
		BFA9A37F2DA4E77A0052AE93 /* Frameworks */ = {
			isa = PBXFrameworksBuildPhase;
			buildActionMask = 2147483647;
			files = (
			);
			runOnlyForDeploymentPostprocessing = 0;
		};
		BFA9A3902DA4E77B0052AE93 /* Frameworks */ = {
			isa = PBXFrameworksBuildPhase;
			buildActionMask = 2147483647;
			files = (
			);
			runOnlyForDeploymentPostprocessing = 0;
		};
		BFA9A39A2DA4E77B0052AE93 /* Frameworks */ = {
			isa = PBXFrameworksBuildPhase;
			buildActionMask = 2147483647;
			files = (
			);
			runOnlyForDeploymentPostprocessing = 0;
		};
/* End PBXFrameworksBuildPhase section */

/* Begin PBXGroup section */
		BFA9A3792DA4E77A0052AE93 = {
			isa = PBXGroup;
			children = (
				BFA9A3842DA4E77A0052AE93 /* test7 */,
				BFA9A3962DA4E77B0052AE93 /* test7Tests */,
				BFA9A3A02DA4E77B0052AE93 /* test7UITests */,
				BFA9A3832DA4E77A0052AE93 /* Products */,
			);
			sourceTree = "<group>";
		};
		BFA9A3832DA4E77A0052AE93 /* Products */ = {
			isa = PBXGroup;
			children = (
				BFA9A3822DA4E77A0052AE93 /* test7.app */,
				BFA9A3932DA4E77B0052AE93 /* test7Tests.xctest */,
				BFA9A39D2DA4E77B0052AE93 /* test7UITests.xctest */,
			);
			name = Products;
			sourceTree = "<group>";
		};
/* End PBXGroup section */

/* Begin PBXNativeTarget section */
		BFA9A3812DA4E77A0052AE93 /* test7 */ = {
			isa = PBXNativeTarget;
			buildConfigurationList = BFA9A3A72DA4E77B0052AE93 /* Build configuration list for PBXNativeTarget "test7" */;
			buildPhases = (
				BFA9A37E2DA4E77A0052AE93 /* Sources */,
				BFA9A37F2DA4E77A0052AE93 /* Frameworks */,
				BFA9A3802DA4E77A0052AE93 /* Resources */,
			);
			buildRules = (
			);
			dependencies = (
			);
			fileSystemSynchronizedGroups = (
				BFA9A3842DA4E77A0052AE93 /* test7 */,
			);
			name = test7;
			packageProductDependencies = (
			);
			productName = test7;
			productReference = BFA9A3822DA4E77A0052AE93 /* test7.app */;
			productType = "com.apple.product-type.application";
		};
		BFA9A3922DA4E77B0052AE93 /* test7Tests */ = {
			isa = PBXNativeTarget;
			buildConfigurationList = BFA9A3AA2DA4E77B0052AE93 /* Build configuration list for PBXNativeTarget "test7Tests" */;
			buildPhases = (
				BFA9A38F2DA4E77B0052AE93 /* Sources */,
				BFA9A3902DA4E77B0052AE93 /* Frameworks */,
				BFA9A3912DA4E77B0052AE93 /* Resources */,
			);
			buildRules = (
			);
			dependencies = (
				BFA9A3952DA4E77B0052AE93 /* PBXTargetDependency */,
			);
			fileSystemSynchronizedGroups = (
				BFA9A3962DA4E77B0052AE93 /* test7Tests */,
			);
			name = test7Tests;
			packageProductDependencies = (
			);
			productName = test7Tests;
			productReference = BFA9A3932DA4E77B0052AE93 /* test7Tests.xctest */;
			productType = "com.apple.product-type.bundle.unit-test";
		};
		BFA9A39C2DA4E77B0052AE93 /* test7UITests */ = {
			isa = PBXNativeTarget;
			buildConfigurationList = BFA9A3AD2DA4E77B0052AE93 /* Build configuration list for PBXNativeTarget "test7UITests" */;
			buildPhases = (
				BFA9A3992DA4E77B0052AE93 /* Sources */,
				BFA9A39A2DA4E77B0052AE93 /* Frameworks */,
				BFA9A39B2DA4E77B0052AE93 /* Resources */,
			);
			buildRules = (
			);
			dependencies = (
				BFA9A39F2DA4E77B0052AE93 /* PBXTargetDependency */,
			);
			fileSystemSynchronizedGroups = (
				BFA9A3A02DA4E77B0052AE93 /* test7UITests */,
			);
			name = test7UITests;
			packageProductDependencies = (
			);
			productName = test7UITests;
			productReference = BFA9A39D2DA4E77B0052AE93 /* test7UITests.xctest */;
			productType = "com.apple.product-type.bundle.ui-testing";
		};
/* End PBXNativeTarget section */

/* Begin PBXProject section */
		BFA9A37A2DA4E77A0052AE93 /* Project object */ = {
			isa = PBXProject;
			attributes = {
				BuildIndependentTargetsInParallel = 1;
				LastSwiftUpdateCheck = 1620;
				LastUpgradeCheck = 1620;
				TargetAttributes = {
					BFA9A3812DA4E77A0052AE93 = {
						CreatedOnToolsVersion = 16.2;
					};
					BFA9A3922DA4E77B0052AE93 = {
						CreatedOnToolsVersion = 16.2;
						TestTargetID = BFA9A3812DA4E77A0052AE93;
					};
					BFA9A39C2DA4E77B0052AE93 = {
						CreatedOnToolsVersion = 16.2;
						TestTargetID = BFA9A3812DA4E77A0052AE93;
					};
				};
			};
			buildConfigurationList = BFA9A37D2DA4E77A0052AE93 /* Build configuration list for PBXProject "test7" */;
			developmentRegion = en;
			hasScannedForEncodings = 0;
			knownRegions = (
				en,
				Base,
			);
			mainGroup = BFA9A3792DA4E77A0052AE93;
			minimizedProjectReferenceProxies = 1;
			preferredProjectObjectVersion = 77;
			productRefGroup = BFA9A3832DA4E77A0052AE93 /* Products */;
			projectDirPath = "";
			projectRoot = "";
			targets = (
				BFA9A3812DA4E77A0052AE93 /* test7 */,
				BFA9A3922DA4E77B0052AE93 /* test7Tests */,
				BFA9A39C2DA4E77B0052AE93 /* test7UITests */,
			);
		};
/* End PBXProject section */

/* Begin PBXResourcesBuildPhase section */
		BFA9A3802DA4E77A0052AE93 /* Resources */ = {
			isa = PBXResourcesBuildPhase;
			buildActionMask = 2147483647;
			files = (
			);
			runOnlyForDeploymentPostprocessing = 0;
		};
		BFA9A3912DA4E77B0052AE93 /* Resources */ = {
			isa = PBXResourcesBuildPhase;
			buildActionMask = 2147483647;
			files = (
			);
			runOnlyForDeploymentPostprocessing = 0;
		};
		BFA9A39B2DA4E77B0052AE93 /* Resources */ = {
			isa = PBXResourcesBuildPhase;
			buildActionMask = 2147483647;
			files = (
			);
			runOnlyForDeploymentPostprocessing = 0;
		};
/* End PBXResourcesBuildPhase section */

/* Begin PBXSourcesBuildPhase section */
		BFA9A37E2DA4E77A0052AE93 /* Sources */ = {
			isa = PBXSourcesBuildPhase;
			buildActionMask = 2147483647;
			files = (
			);
			runOnlyForDeploymentPostprocessing = 0;
		};
		BFA9A38F2DA4E77B0052AE93 /* Sources */ = {
			isa = PBXSourcesBuildPhase;
			buildActionMask = 2147483647;
			files = (
			);
			runOnlyForDeploymentPostprocessing = 0;
		};
		BFA9A3992DA4E77B0052AE93 /* Sources */ = {
			isa = PBXSourcesBuildPhase;
			buildActionMask = 2147483647;
			files = (
			);
			runOnlyForDeploymentPostprocessing = 0;
		};
/* End PBXSourcesBuildPhase section */

/* Begin PBXTargetDependency section */
		BFA9A3952DA4E77B0052AE93 /* PBXTargetDependency */ = {
			isa = PBXTargetDependency;
			target = BFA9A3812DA4E77A0052AE93 /* test7 */;
			targetProxy = BFA9A3942DA4E77B0052AE93 /* PBXContainerItemProxy */;
		};
		BFA9A39F2DA4E77B0052AE93 /* PBXTargetDependency */ = {
			isa = PBXTargetDependency;
			target = BFA9A3812DA4E77A0052AE93 /* test7 */;
			targetProxy = BFA9A39E2DA4E77B0052AE93 /* PBXContainerItemProxy */;
		};
/* End PBXTargetDependency section */

/* Begin XCBuildConfiguration section */
		BFA9A3A52DA4E77B0052AE93 /* Debug */ = {
			isa = XCBuildConfiguration;
			buildSettings = {
				ALWAYS_SEARCH_USER_PATHS = NO;
				ASSETCATALOG_COMPILER_GENERATE_SWIFT_ASSET_SYMBOL_EXTENSIONS = YES;
				CLANG_ANALYZER_NONNULL = YES;
				CLANG_ANALYZER_NUMBER_OBJECT_CONVERSION = YES_AGGRESSIVE;
				CLANG_CXX_LANGUAGE_STANDARD = "gnu++20";
				CLANG_ENABLE_MODULES = YES;
				CLANG_ENABLE_OBJC_ARC = YES;
				CLANG_ENABLE_OBJC_WEAK = YES;
				CLANG_WARN_BLOCK_CAPTURE_AUTORELEASING = YES;
				CLANG_WARN_BOOL_CONVERSION = YES;
				CLANG_WARN_COMMA = YES;
				CLANG_WARN_CONSTANT_CONVERSION = YES;
				CLANG_WARN_DEPRECATED_OBJC_IMPLEMENTATIONS = YES;
				CLANG_WARN_DIRECT_OBJC_ISA_USAGE = YES_ERROR;
				CLANG_WARN_DOCUMENTATION_COMMENTS = YES;
				CLANG_WARN_EMPTY_BODY = YES;
				CLANG_WARN_ENUM_CONVERSION = YES;
				CLANG_WARN_INFINITE_RECURSION = YES;
				CLANG_WARN_INT_CONVERSION = YES;
				CLANG_WARN_NON_LITERAL_NULL_CONVERSION = YES;
				CLANG_WARN_OBJC_IMPLICIT_RETAIN_SELF = YES;
				CLANG_WARN_OBJC_LITERAL_CONVERSION = YES;
				CLANG_WARN_OBJC_ROOT_CLASS = YES_ERROR;
				CLANG_WARN_QUOTED_INCLUDE_IN_FRAMEWORK_HEADER = YES;
				CLANG_WARN_RANGE_LOOP_ANALYSIS = YES;
				CLANG_WARN_STRICT_PROTOTYPES = YES;
				CLANG_WARN_SUSPICIOUS_MOVE = YES;
				CLANG_WARN_UNGUARDED_AVAILABILITY = YES_AGGRESSIVE;
				CLANG_WARN_UNREACHABLE_CODE = YES;
				CLANG_WARN__DUPLICATE_METHOD_MATCH = YES;
				COPY_PHASE_STRIP = NO;
				DEBUG_INFORMATION_FORMAT = dwarf;
				ENABLE_STRICT_OBJC_MSGSEND = YES;
				ENABLE_TESTABILITY = YES;
				ENABLE_USER_SCRIPT_SANDBOXING = YES;
				GCC_C_LANGUAGE_STANDARD = gnu17;
				GCC_DYNAMIC_NO_PIC = NO;
				GCC_NO_COMMON_BLOCKS = YES;
				GCC_OPTIMIZATION_LEVEL = 0;
				GCC_PREPROCESSOR_DEFINITIONS = (
					"DEBUG=1",
					"$(inherited)",
				);
				GCC_WARN_64_TO_32_BIT_CONVERSION = YES;
				GCC_WARN_ABOUT_RETURN_TYPE = YES_ERROR;
				GCC_WARN_UNDECLARED_SELECTOR = YES;
				GCC_WARN_UNINITIALIZED_AUTOS = YES_AGGRESSIVE;
				GCC_WARN_UNUSED_FUNCTION = YES;
				GCC_WARN_UNUSED_VARIABLE = YES;
				LOCALIZATION_PREFERS_STRING_CATALOGS = YES;
				MACOSX_DEPLOYMENT_TARGET = 15.0;
				MTL_ENABLE_DEBUG_INFO = INCLUDE_SOURCE;
				MTL_FAST_MATH = YES;
				ONLY_ACTIVE_ARCH = YES;
				SDKROOT = macosx;
				SWIFT_ACTIVE_COMPILATION_CONDITIONS = "DEBUG $(inherited)";
				SWIFT_OPTIMIZATION_LEVEL = "-Onone";
			};
			name = Debug;
		};
		BFA9A3A62DA4E77B0052AE93 /* Release */ = {
			isa = XCBuildConfiguration;
			buildSettings = {
				ALWAYS_SEARCH_USER_PATHS = NO;
				ASSETCATALOG_COMPILER_GENERATE_SWIFT_ASSET_SYMBOL_EXTENSIONS = YES;
				CLANG_ANALYZER_NONNULL = YES;
				CLANG_ANALYZER_NUMBER_OBJECT_CONVERSION = YES_AGGRESSIVE;
				CLANG_CXX_LANGUAGE_STANDARD = "gnu++20";
				CLANG_ENABLE_MODULES = YES;
				CLANG_ENABLE_OBJC_ARC = YES;
				CLANG_ENABLE_OBJC_WEAK = YES;
				CLANG_WARN_BLOCK_CAPTURE_AUTORELEASING = YES;
				CLANG_WARN_BOOL_CONVERSION = YES;
				CLANG_WARN_COMMA = YES;
				CLANG_WARN_CONSTANT_CONVERSION = YES;
				CLANG_WARN_DEPRECATED_OBJC_IMPLEMENTATIONS = YES;
				CLANG_WARN_DIRECT_OBJC_ISA_USAGE = YES_ERROR;
				CLANG_WARN_DOCUMENTATION_COMMENTS = YES;
				CLANG_WARN_EMPTY_BODY = YES;
				CLANG_WARN_ENUM_CONVERSION = YES;
				CLANG_WARN_INFINITE_RECURSION = YES;
				CLANG_WARN_INT_CONVERSION = YES;
				CLANG_WARN_NON_LITERAL_NULL_CONVERSION = YES;
				CLANG_WARN_OBJC_IMPLICIT_RETAIN_SELF = YES;
				CLANG_WARN_OBJC_LITERAL_CONVERSION = YES;
				CLANG_WARN_OBJC_ROOT_CLASS = YES_ERROR;
				CLANG_WARN_QUOTED_INCLUDE_IN_FRAMEWORK_HEADER = YES;
				CLANG_WARN_RANGE_LOOP_ANALYSIS = YES;
				CLANG_WARN_STRICT_PROTOTYPES = YES;
				CLANG_WARN_SUSPICIOUS_MOVE = YES;
				CLANG_WARN_UNGUARDED_AVAILABILITY = YES_AGGRESSIVE;
				CLANG_WARN_UNREACHABLE_CODE = YES;
				CLANG_WARN__DUPLICATE_METHOD_MATCH = YES;
				COPY_PHASE_STRIP = NO;
				DEBUG_INFORMATION_FORMAT = "dwarf-with-dsym";
				ENABLE_NS_ASSERTIONS = NO;
				ENABLE_STRICT_OBJC_MSGSEND = YES;
				ENABLE_USER_SCRIPT_SANDBOXING = YES;
				GCC_C_LANGUAGE_STANDARD = gnu17;
				GCC_NO_COMMON_BLOCKS = YES;
				GCC_WARN_64_TO_32_BIT_CONVERSION = YES;
				GCC_WARN_ABOUT_RETURN_TYPE = YES_ERROR;
				GCC_WARN_UNDECLARED_SELECTOR = YES;
				GCC_WARN_UNINITIALIZED_AUTOS = YES_AGGRESSIVE;
				GCC_WARN_UNUSED_FUNCTION = YES;
				GCC_WARN_UNUSED_VARIABLE = YES;
				LOCALIZATION_PREFERS_STRING_CATALOGS = YES;
				MACOSX_DEPLOYMENT_TARGET = 15.0;
				MTL_ENABLE_DEBUG_INFO = NO;
				MTL_FAST_MATH = YES;
				SDKROOT = macosx;
				SWIFT_COMPILATION_MODE = wholemodule;
			};
			name = Release;
		};
		BFA9A3A82DA4E77B0052AE93 /* Debug */ = {
			isa = XCBuildConfiguration;
			buildSettings = {
				ASSETCATALOG_COMPILER_APPICON_NAME = AppIcon;
				ASSETCATALOG_COMPILER_GLOBAL_ACCENT_COLOR_NAME = AccentColor;
				CODE_SIGN_ENTITLEMENTS = test7/test7.entitlements;
				CODE_SIGN_STYLE = Automatic;
				COMBINE_HIDPI_IMAGES = YES;
				CURRENT_PROJECT_VERSION = 1;
				DEVELOPMENT_ASSET_PATHS = "\"test7/Preview Content\"";
				ENABLE_PREVIEWS = YES;
				GENERATE_INFOPLIST_FILE = YES;
				INFOPLIST_KEY_NSHumanReadableCopyright = "";
				LD_RUNPATH_SEARCH_PATHS = (
					"$(inherited)",
					"@executable_path/../Frameworks",
				);
				MARKETING_VERSION = 1.0;
				PRODUCT_BUNDLE_IDENTIFIER = co.huang.jimmy.test.test7;
				PRODUCT_NAME = "$(TARGET_NAME)";
				SWIFT_EMIT_LOC_STRINGS = YES;
				SWIFT_VERSION = 5.0;
			};
			name = Debug;
		};
		BFA9A3A92DA4E77B0052AE93 /* Release */ = {
			isa = XCBuildConfiguration;
			buildSettings = {
				ASSETCATALOG_COMPILER_APPICON_NAME = AppIcon;
				ASSETCATALOG_COMPILER_GLOBAL_ACCENT_COLOR_NAME = AccentColor;
				CODE_SIGN_ENTITLEMENTS = test7/test7.entitlements;
				CODE_SIGN_STYLE = Automatic;
				COMBINE_HIDPI_IMAGES = YES;
				CURRENT_PROJECT_VERSION = 1;
				DEVELOPMENT_ASSET_PATHS = "\"test7/Preview Content\"";
				ENABLE_PREVIEWS = YES;
				GENERATE_INFOPLIST_FILE = YES;
				INFOPLIST_KEY_NSHumanReadableCopyright = "";
				LD_RUNPATH_SEARCH_PATHS = (
					"$(inherited)",
					"@executable_path/../Frameworks",
				);
				MARKETING_VERSION = 1.0;
				PRODUCT_BUNDLE_IDENTIFIER = co.huang.jimmy.test.test7;
				PRODUCT_NAME = "$(TARGET_NAME)";
				SWIFT_EMIT_LOC_STRINGS = YES;
				SWIFT_VERSION = 5.0;
			};
			name = Release;
		};
		BFA9A3AB2DA4E77B0052AE93 /* Debug */ = {
			isa = XCBuildConfiguration;
			buildSettings = {
				BUNDLE_LOADER = "$(TEST_HOST)";
				CODE_SIGN_STYLE = Automatic;
				CURRENT_PROJECT_VERSION = 1;
				GENERATE_INFOPLIST_FILE = YES;
				MACOSX_DEPLOYMENT_TARGET = 15.0;
				MARKETING_VERSION = 1.0;
				PRODUCT_BUNDLE_IDENTIFIER = co.huang.jimmy.test.test7Tests;
				PRODUCT_NAME = "$(TARGET_NAME)";
				SWIFT_EMIT_LOC_STRINGS = NO;
				SWIFT_VERSION = 5.0;
				TEST_HOST = "$(BUILT_PRODUCTS_DIR)/test7.app/$(BUNDLE_EXECUTABLE_FOLDER_PATH)/test7";
			};
			name = Debug;
		};
		BFA9A3AC2DA4E77B0052AE93 /* Release */ = {
			isa = XCBuildConfiguration;
			buildSettings = {
				BUNDLE_LOADER = "$(TEST_HOST)";
				CODE_SIGN_STYLE = Automatic;
				CURRENT_PROJECT_VERSION = 1;
				GENERATE_INFOPLIST_FILE = YES;
				MACOSX_DEPLOYMENT_TARGET = 15.0;
				MARKETING_VERSION = 1.0;
				PRODUCT_BUNDLE_IDENTIFIER = co.huang.jimmy.test.test7Tests;
				PRODUCT_NAME = "$(TARGET_NAME)";
				SWIFT_EMIT_LOC_STRINGS = NO;
				SWIFT_VERSION = 5.0;
				TEST_HOST = "$(BUILT_PRODUCTS_DIR)/test7.app/$(BUNDLE_EXECUTABLE_FOLDER_PATH)/test7";
			};
			name = Release;
		};
		BFA9A3AE2DA4E77B0052AE93 /* Debug */ = {
			isa = XCBuildConfiguration;
			buildSettings = {
				CODE_SIGN_STYLE = Automatic;
				CURRENT_PROJECT_VERSION = 1;
				GENERATE_INFOPLIST_FILE = YES;
				MARKETING_VERSION = 1.0;
				PRODUCT_BUNDLE_IDENTIFIER = co.huang.jimmy.test.test7UITests;
				PRODUCT_NAME = "$(TARGET_NAME)";
				SWIFT_EMIT_LOC_STRINGS = NO;
				SWIFT_VERSION = 5.0;
				TEST_TARGET_NAME = test7;
			};
			name = Debug;
		};
		BFA9A3AF2DA4E77B0052AE93 /* Release */ = {
			isa = XCBuildConfiguration;
			buildSettings = {
				CODE_SIGN_STYLE = Automatic;
				CURRENT_PROJECT_VERSION = 1;
				GENERATE_INFOPLIST_FILE = YES;
				MARKETING_VERSION = 1.0;
				PRODUCT_BUNDLE_IDENTIFIER = co.huang.jimmy.test.test7UITests;
				PRODUCT_NAME = "$(TARGET_NAME)";
				SWIFT_EMIT_LOC_STRINGS = NO;
				SWIFT_VERSION = 5.0;
				TEST_TARGET_NAME = test7;
			};
			name = Release;
		};
/* End XCBuildConfiguration section */

/* Begin XCConfigurationList section */
		BFA9A37D2DA4E77A0052AE93 /* Build configuration list for PBXProject "test7" */ = {
			isa = XCConfigurationList;
			buildConfigurations = (
				BFA9A3A52DA4E77B0052AE93 /* Debug */,
				BFA9A3A62DA4E77B0052AE93 /* Release */,
			);
			defaultConfigurationIsVisible = 0;
			defaultConfigurationName = Release;
		};
		BFA9A3A72DA4E77B0052AE93 /* Build configuration list for PBXNativeTarget "test7" */ = {
			isa = XCConfigurationList;
			buildConfigurations = (
				BFA9A3A82DA4E77B0052AE93 /* Debug */,
				BFA9A3A92DA4E77B0052AE93 /* Release */,
			);
			defaultConfigurationIsVisible = 0;
			defaultConfigurationName = Release;
		};
		BFA9A3AA2DA4E77B0052AE93 /* Build configuration list for PBXNativeTarget "test7Tests" */ = {
			isa = XCConfigurationList;
			buildConfigurations = (
				BFA9A3AB2DA4E77B0052AE93 /* Debug */,
				BFA9A3AC2DA4E77B0052AE93 /* Release */,
			);
			defaultConfigurationIsVisible = 0;
			defaultConfigurationName = Release;
		};
		BFA9A3AD2DA4E77B0052AE93 /* Build configuration list for PBXNativeTarget "test7UITests" */ = {
			isa = XCConfigurationList;
			buildConfigurations = (
				BFA9A3AE2DA4E77B0052AE93 /* Debug */,
				BFA9A3AF2DA4E77B0052AE93 /* Release */,
			);
			defaultConfigurationIsVisible = 0;
			defaultConfigurationName = Release;
		};
/* End XCConfigurationList section */
	};
	rootObject = BFA9A37A2DA4E77A0052AE93 /* Project object */;
}
